// !$*UTF8*$!
{
	archiveVersion = 1;
	classes = {
	};
	objectVersion = 50;
	objects = {

/* Begin PBXBuildFile section */
		033A8D3F222117B20011D1A8 /* SettingCell.swift in Sources */ = {isa = PBXBuildFile; fileRef = 033A8D3E222117B20011D1A8 /* SettingCell.swift */; };
		033A8D42222208F70011D1A8 /* ApiService.swift in Sources */ = {isa = PBXBuildFile; fileRef = 033A8D41222208F70011D1A8 /* ApiService.swift */; };
		033A8D442222133C0011D1A8 /* FeedCell.swift in Sources */ = {isa = PBXBuildFile; fileRef = 033A8D432222133C0011D1A8 /* FeedCell.swift */; };
		033A8D46222231660011D1A8 /* TrendingCell.swift in Sources */ = {isa = PBXBuildFile; fileRef = 033A8D45222231660011D1A8 /* TrendingCell.swift */; };
		033A8D48222233100011D1A8 /* SubscriptionCell.swift in Sources */ = {isa = PBXBuildFile; fileRef = 033A8D47222233100011D1A8 /* SubscriptionCell.swift */; };
		033A8D4A222246CC0011D1A8 /* VideoLauncher.swift in Sources */ = {isa = PBXBuildFile; fileRef = 033A8D49222246CC0011D1A8 /* VideoLauncher.swift */; };
		035177BA221D571A0052C704 /* AppDelegate.swift in Sources */ = {isa = PBXBuildFile; fileRef = 035177B9221D571A0052C704 /* AppDelegate.swift */; };
		035177BC221D571A0052C704 /* HomeController.swift in Sources */ = {isa = PBXBuildFile; fileRef = 035177BB221D571A0052C704 /* HomeController.swift */; };
		035177BF221D571A0052C704 /* Main.storyboard in Resources */ = {isa = PBXBuildFile; fileRef = 035177BD221D571A0052C704 /* Main.storyboard */; };
		035177C1221D571B0052C704 /* Assets.xcassets in Resources */ = {isa = PBXBuildFile; fileRef = 035177C0221D571B0052C704 /* Assets.xcassets */; };
		035177C4221D571B0052C704 /* LaunchScreen.storyboard in Resources */ = {isa = PBXBuildFile; fileRef = 035177C2221D571B0052C704 /* LaunchScreen.storyboard */; };
		03A755B8221E40EC001ECA16 /* Extensions.swift in Sources */ = {isa = PBXBuildFile; fileRef = 03A755B7221E40EC001ECA16 /* Extensions.swift */; };
		03A755BC221E43A5001ECA16 /* VideoCell.swift in Sources */ = {isa = PBXBuildFile; fileRef = 03A755BB221E43A5001ECA16 /* VideoCell.swift */; };
		03A755BE221EB4A9001ECA16 /* MenuBar.swift in Sources */ = {isa = PBXBuildFile; fileRef = 03A755BD221EB4A9001ECA16 /* MenuBar.swift */; };
		03A755C1221F93CE001ECA16 /* Video.swift in Sources */ = {isa = PBXBuildFile; fileRef = 03A755C0221F93CE001ECA16 /* Video.swift */; };
		03A755C32220FCFC001ECA16 /* SettingsLauncher.swift in Sources */ = {isa = PBXBuildFile; fileRef = 03A755C22220FCFC001ECA16 /* SettingsLauncher.swift */; };
/* End PBXBuildFile section */

/* Begin PBXFileReference section */
		033A8D3E222117B20011D1A8 /* SettingCell.swift */ = {isa = PBXFileReference; lastKnownFileType = sourcecode.swift; path = SettingCell.swift; sourceTree = "<group>"; };
		033A8D41222208F70011D1A8 /* ApiService.swift */ = {isa = PBXFileReference; lastKnownFileType = sourcecode.swift; path = ApiService.swift; sourceTree = "<group>"; };
		033A8D432222133C0011D1A8 /* FeedCell.swift */ = {isa = PBXFileReference; lastKnownFileType = sourcecode.swift; path = FeedCell.swift; sourceTree = "<group>"; };
		033A8D45222231660011D1A8 /* TrendingCell.swift */ = {isa = PBXFileReference; lastKnownFileType = sourcecode.swift; path = TrendingCell.swift; sourceTree = "<group>"; };
		033A8D47222233100011D1A8 /* SubscriptionCell.swift */ = {isa = PBXFileReference; lastKnownFileType = sourcecode.swift; path = SubscriptionCell.swift; sourceTree = "<group>"; };
		033A8D49222246CC0011D1A8 /* VideoLauncher.swift */ = {isa = PBXFileReference; lastKnownFileType = sourcecode.swift; path = VideoLauncher.swift; sourceTree = "<group>"; };
		035177B6221D571A0052C704 /* YouTube.app */ = {isa = PBXFileReference; explicitFileType = wrapper.application; includeInIndex = 0; path = YouTube.app; sourceTree = BUILT_PRODUCTS_DIR; };
		035177B9221D571A0052C704 /* AppDelegate.swift */ = {isa = PBXFileReference; lastKnownFileType = sourcecode.swift; path = AppDelegate.swift; sourceTree = "<group>"; };
		035177BB221D571A0052C704 /* HomeController.swift */ = {isa = PBXFileReference; lastKnownFileType = sourcecode.swift; path = HomeController.swift; sourceTree = "<group>"; };
		035177BE221D571A0052C704 /* Base */ = {isa = PBXFileReference; lastKnownFileType = file.storyboard; name = Base; path = Base.lproj/Main.storyboard; sourceTree = "<group>"; };
		035177C0221D571B0052C704 /* Assets.xcassets */ = {isa = PBXFileReference; lastKnownFileType = folder.assetcatalog; path = Assets.xcassets; sourceTree = "<group>"; };
		035177C3221D571B0052C704 /* Base */ = {isa = PBXFileReference; lastKnownFileType = file.storyboard; name = Base; path = Base.lproj/LaunchScreen.storyboard; sourceTree = "<group>"; };
		035177C5221D571B0052C704 /* Info.plist */ = {isa = PBXFileReference; lastKnownFileType = text.plist.xml; path = Info.plist; sourceTree = "<group>"; };
		03A755B7221E40EC001ECA16 /* Extensions.swift */ = {isa = PBXFileReference; lastKnownFileType = sourcecode.swift; path = Extensions.swift; sourceTree = "<group>"; };
		03A755BB221E43A5001ECA16 /* VideoCell.swift */ = {isa = PBXFileReference; lastKnownFileType = sourcecode.swift; path = VideoCell.swift; sourceTree = "<group>"; };
		03A755BD221EB4A9001ECA16 /* MenuBar.swift */ = {isa = PBXFileReference; lastKnownFileType = sourcecode.swift; path = MenuBar.swift; sourceTree = "<group>"; };
		03A755C0221F93CE001ECA16 /* Video.swift */ = {isa = PBXFileReference; lastKnownFileType = sourcecode.swift; path = Video.swift; sourceTree = "<group>"; };
		03A755C22220FCFC001ECA16 /* SettingsLauncher.swift */ = {isa = PBXFileReference; lastKnownFileType = sourcecode.swift; path = SettingsLauncher.swift; sourceTree = "<group>"; };
/* End PBXFileReference section */

/* Begin PBXFrameworksBuildPhase section */
		035177B3221D571A0052C704 /* Frameworks */ = {
			isa = PBXFrameworksBuildPhase;
			buildActionMask = 2147483647;
			files = (
			);
			runOnlyForDeploymentPostprocessing = 0;
		};
/* End PBXFrameworksBuildPhase section */

/* Begin PBXGroup section */
		033A8D40222208D80011D1A8 /* ApiService */ = {
			isa = PBXGroup;
			children = (
				033A8D41222208F70011D1A8 /* ApiService.swift */,
			);
			path = ApiService;
			sourceTree = "<group>";
		};
		035177AD221D571A0052C704 = {
			isa = PBXGroup;
			children = (
				035177B8221D571A0052C704 /* YouTube */,
				035177B7221D571A0052C704 /* Products */,
			);
			sourceTree = "<group>";
		};
		035177B7221D571A0052C704 /* Products */ = {
			isa = PBXGroup;
			children = (
				035177B6221D571A0052C704 /* YouTube.app */,
			);
			name = Products;
			sourceTree = "<group>";
		};
		035177B8221D571A0052C704 /* YouTube */ = {
			isa = PBXGroup;
			children = (
				033A8D40222208D80011D1A8 /* ApiService */,
				03A755BF221F93C3001ECA16 /* Model */,
				03A755B9221E4387001ECA16 /* View */,
				03A755BA221E439B001ECA16 /* Controller */,
				03A755B6221E40D3001ECA16 /* Helpers */,
				035177B9221D571A0052C704 /* AppDelegate.swift */,
				035177BD221D571A0052C704 /* Main.storyboard */,
				035177C0221D571B0052C704 /* Assets.xcassets */,
				035177C2221D571B0052C704 /* LaunchScreen.storyboard */,
				035177C5221D571B0052C704 /* Info.plist */,
			);
			path = YouTube;
			sourceTree = "<group>";
		};
		03A755B6221E40D3001ECA16 /* Helpers */ = {
			isa = PBXGroup;
			children = (
				03A755B7221E40EC001ECA16 /* Extensions.swift */,
			);
			path = Helpers;
			sourceTree = "<group>";
		};
		03A755B9221E4387001ECA16 /* View */ = {
			isa = PBXGroup;
			children = (
				03A755BB221E43A5001ECA16 /* VideoCell.swift */,
				03A755BD221EB4A9001ECA16 /* MenuBar.swift */,
				033A8D3E222117B20011D1A8 /* SettingCell.swift */,
				033A8D432222133C0011D1A8 /* FeedCell.swift */,
				033A8D45222231660011D1A8 /* TrendingCell.swift */,
				033A8D47222233100011D1A8 /* SubscriptionCell.swift */,
			);
			path = View;
			sourceTree = "<group>";
		};
		03A755BA221E439B001ECA16 /* Controller */ = {
			isa = PBXGroup;
			children = (
				035177BB221D571A0052C704 /* HomeController.swift */,
				03A755C22220FCFC001ECA16 /* SettingsLauncher.swift */,
				033A8D49222246CC0011D1A8 /* VideoLauncher.swift */,
			);
			path = Controller;
			sourceTree = "<group>";
		};
		03A755BF221F93C3001ECA16 /* Model */ = {
			isa = PBXGroup;
			children = (
				03A755C0221F93CE001ECA16 /* Video.swift */,
			);
			path = Model;
			sourceTree = "<group>";
		};
/* End PBXGroup section */

/* Begin PBXNativeTarget section */
		035177B5221D571A0052C704 /* YouTube */ = {
			isa = PBXNativeTarget;
			buildConfigurationList = 035177C8221D571B0052C704 /* Build configuration list for PBXNativeTarget "YouTube" */;
			buildPhases = (
				035177B2221D571A0052C704 /* Sources */,
				035177B3221D571A0052C704 /* Frameworks */,
				035177B4221D571A0052C704 /* Resources */,
			);
			buildRules = (
			);
			dependencies = (
			);
			name = YouTube;
			productName = YouTube;
			productReference = 035177B6221D571A0052C704 /* YouTube.app */;
			productType = "com.apple.product-type.application";
		};
/* End PBXNativeTarget section */

/* Begin PBXProject section */
		035177AE221D571A0052C704 /* Project object */ = {
			isa = PBXProject;
			attributes = {
				LastSwiftUpdateCheck = 1010;
				LastUpgradeCheck = 1010;
				ORGANIZATIONNAME = terradevteam;
				TargetAttributes = {
					035177B5221D571A0052C704 = {
						CreatedOnToolsVersion = 10.1;
					};
				};
			};
			buildConfigurationList = 035177B1221D571A0052C704 /* Build configuration list for PBXProject "YouTube" */;
			compatibilityVersion = "Xcode 9.3";
			developmentRegion = en;
			hasScannedForEncodings = 0;
			knownRegions = (
				en,
				Base,
			);
			mainGroup = 035177AD221D571A0052C704;
			productRefGroup = 035177B7221D571A0052C704 /* Products */;
			projectDirPath = "";
			projectRoot = "";
			targets = (
				035177B5221D571A0052C704 /* YouTube */,
			);
		};
/* End PBXProject section */

/* Begin PBXResourcesBuildPhase section */
		035177B4221D571A0052C704 /* Resources */ = {
			isa = PBXResourcesBuildPhase;
			buildActionMask = 2147483647;
			files = (
				035177C4221D571B0052C704 /* LaunchScreen.storyboard in Resources */,
				035177C1221D571B0052C704 /* Assets.xcassets in Resources */,
				035177BF221D571A0052C704 /* Main.storyboard in Resources */,
			);
			runOnlyForDeploymentPostprocessing = 0;
		};
/* End PBXResourcesBuildPhase section */

/* Begin PBXSourcesBuildPhase section */
		035177B2221D571A0052C704 /* Sources */ = {
			isa = PBXSourcesBuildPhase;
			buildActionMask = 2147483647;
			files = (
				035177BC221D571A0052C704 /* HomeController.swift in Sources */,
				033A8D442222133C0011D1A8 /* FeedCell.swift in Sources */,
				033A8D46222231660011D1A8 /* TrendingCell.swift in Sources */,
				03A755C1221F93CE001ECA16 /* Video.swift in Sources */,
				033A8D3F222117B20011D1A8 /* SettingCell.swift in Sources */,
				03A755BC221E43A5001ECA16 /* VideoCell.swift in Sources */,
				03A755C32220FCFC001ECA16 /* SettingsLauncher.swift in Sources */,
				033A8D4A222246CC0011D1A8 /* VideoLauncher.swift in Sources */,
				033A8D42222208F70011D1A8 /* ApiService.swift in Sources */,
				03A755B8221E40EC001ECA16 /* Extensions.swift in Sources */,
				035177BA221D571A0052C704 /* AppDelegate.swift in Sources */,
				033A8D48222233100011D1A8 /* SubscriptionCell.swift in Sources */,
				03A755BE221EB4A9001ECA16 /* MenuBar.swift in Sources */,
			);
			runOnlyForDeploymentPostprocessing = 0;
		};
/* End PBXSourcesBuildPhase section */

/* Begin PBXVariantGroup section */
		035177BD221D571A0052C704 /* Main.storyboard */ = {
			isa = PBXVariantGroup;
			children = (
				035177BE221D571A0052C704 /* Base */,
			);
			name = Main.storyboard;
			sourceTree = "<group>";
		};
		035177C2221D571B0052C704 /* LaunchScreen.storyboard */ = {
			isa = PBXVariantGroup;
			children = (
				035177C3221D571B0052C704 /* Base */,
			);
			name = LaunchScreen.storyboard;
			sourceTree = "<group>";
		};
/* End PBXVariantGroup section */

/* Begin XCBuildConfiguration section */
		035177C6221D571B0052C704 /* Debug */ = {
			isa = XCBuildConfiguration;
			buildSettings = {
				ALWAYS_SEARCH_USER_PATHS = NO;
				CLANG_ANALYZER_NONNULL = YES;
				CLANG_ANALYZER_NUMBER_OBJECT_CONVERSION = YES_AGGRESSIVE;
				CLANG_CXX_LANGUAGE_STANDARD = "gnu++14";
				CLANG_CXX_LIBRARY = "libc++";
				CLANG_ENABLE_MODULES = YES;
				CLANG_ENABLE_OBJC_ARC = YES;
				CLANG_ENABLE_OBJC_WEAK = YES;
				CLANG_WARN_BLOCK_CAPTURE_AUTORELEASING = YES;
				CLANG_WARN_BOOL_CONVERSION = YES;
				CLANG_WARN_COMMA = YES;
				CLANG_WARN_CONSTANT_CONVERSION = YES;
				CLANG_WARN_DEPRECATED_OBJC_IMPLEMENTATIONS = YES;
				CLANG_WARN_DIRECT_OBJC_ISA_USAGE = YES_ERROR;
				CLANG_WARN_DOCUMENTATION_COMMENTS = YES;
				CLANG_WARN_EMPTY_BODY = YES;
				CLANG_WARN_ENUM_CONVERSION = YES;
				CLANG_WARN_INFINITE_RECURSION = YES;
				CLANG_WARN_INT_CONVERSION = YES;
				CLANG_WARN_NON_LITERAL_NULL_CONVERSION = YES;
				CLANG_WARN_OBJC_IMPLICIT_RETAIN_SELF = YES;
				CLANG_WARN_OBJC_LITERAL_CONVERSION = YES;
				CLANG_WARN_OBJC_ROOT_CLASS = YES_ERROR;
				CLANG_WARN_RANGE_LOOP_ANALYSIS = YES;
				CLANG_WARN_STRICT_PROTOTYPES = YES;
				CLANG_WARN_SUSPICIOUS_MOVE = YES;
				CLANG_WARN_UNGUARDED_AVAILABILITY = YES_AGGRESSIVE;
				CLANG_WARN_UNREACHABLE_CODE = YES;
				CLANG_WARN__DUPLICATE_METHOD_MATCH = YES;
				CODE_SIGN_IDENTITY = "iPhone Developer";
				COPY_PHASE_STRIP = NO;
				DEBUG_INFORMATION_FORMAT = dwarf;
				ENABLE_STRICT_OBJC_MSGSEND = YES;
				ENABLE_TESTABILITY = YES;
				GCC_C_LANGUAGE_STANDARD = gnu11;
				GCC_DYNAMIC_NO_PIC = NO;
				GCC_NO_COMMON_BLOCKS = YES;
				GCC_OPTIMIZATION_LEVEL = 0;
				GCC_PREPROCESSOR_DEFINITIONS = (
					"DEBUG=1",
					"$(inherited)",
				);
				GCC_WARN_64_TO_32_BIT_CONVERSION = YES;
				GCC_WARN_ABOUT_RETURN_TYPE = YES_ERROR;
				GCC_WARN_UNDECLARED_SELECTOR = YES;
				GCC_WARN_UNINITIALIZED_AUTOS = YES_AGGRESSIVE;
				GCC_WARN_UNUSED_FUNCTION = YES;
				GCC_WARN_UNUSED_VARIABLE = YES;
				IPHONEOS_DEPLOYMENT_TARGET = 12.1;
				MTL_ENABLE_DEBUG_INFO = INCLUDE_SOURCE;
				MTL_FAST_MATH = YES;
				ONLY_ACTIVE_ARCH = YES;
				SDKROOT = iphoneos;
				SWIFT_ACTIVE_COMPILATION_CONDITIONS = DEBUG;
				SWIFT_OPTIMIZATION_LEVEL = "-Onone";
			};
			name = Debug;
		};
		035177C7221D571B0052C704 /* Release */ = {
			isa = XCBuildConfiguration;
			buildSettings = {
				ALWAYS_SEARCH_USER_PATHS = NO;
				CLANG_ANALYZER_NONNULL = YES;
				CLANG_ANALYZER_NUMBER_OBJECT_CONVERSION = YES_AGGRESSIVE;
				CLANG_CXX_LANGUAGE_STANDARD = "gnu++14";
				CLANG_CXX_LIBRARY = "libc++";
				CLANG_ENABLE_MODULES = YES;
				CLANG_ENABLE_OBJC_ARC = YES;
				CLANG_ENABLE_OBJC_WEAK = YES;
				CLANG_WARN_BLOCK_CAPTURE_AUTORELEASING = YES;
				CLANG_WARN_BOOL_CONVERSION = YES;
				CLANG_WARN_COMMA = YES;
				CLANG_WARN_CONSTANT_CONVERSION = YES;
				CLANG_WARN_DEPRECATED_OBJC_IMPLEMENTATIONS = YES;
				CLANG_WARN_DIRECT_OBJC_ISA_USAGE = YES_ERROR;
				CLANG_WARN_DOCUMENTATION_COMMENTS = YES;
				CLANG_WARN_EMPTY_BODY = YES;
				CLANG_WARN_ENUM_CONVERSION = YES;
				CLANG_WARN_INFINITE_RECURSION = YES;
				CLANG_WARN_INT_CONVERSION = YES;
				CLANG_WARN_NON_LITERAL_NULL_CONVERSION = YES;
				CLANG_WARN_OBJC_IMPLICIT_RETAIN_SELF = YES;
				CLANG_WARN_OBJC_LITERAL_CONVERSION = YES;
				CLANG_WARN_OBJC_ROOT_CLASS = YES_ERROR;
				CLANG_WARN_RANGE_LOOP_ANALYSIS = YES;
				CLANG_WARN_STRICT_PROTOTYPES = YES;
				CLANG_WARN_SUSPICIOUS_MOVE = YES;
				CLANG_WARN_UNGUARDED_AVAILABILITY = YES_AGGRESSIVE;
				CLANG_WARN_UNREACHABLE_CODE = YES;
				CLANG_WARN__DUPLICATE_METHOD_MATCH = YES;
				CODE_SIGN_IDENTITY = "iPhone Developer";
				COPY_PHASE_STRIP = NO;
				DEBUG_INFORMATION_FORMAT = "dwarf-with-dsym";
				ENABLE_NS_ASSERTIONS = NO;
				ENABLE_STRICT_OBJC_MSGSEND = YES;
				GCC_C_LANGUAGE_STANDARD = gnu11;
				GCC_NO_COMMON_BLOCKS = YES;
				GCC_WARN_64_TO_32_BIT_CONVERSION = YES;
				GCC_WARN_ABOUT_RETURN_TYPE = YES_ERROR;
				GCC_WARN_UNDECLARED_SELECTOR = YES;
				GCC_WARN_UNINITIALIZED_AUTOS = YES_AGGRESSIVE;
				GCC_WARN_UNUSED_FUNCTION = YES;
				GCC_WARN_UNUSED_VARIABLE = YES;
				IPHONEOS_DEPLOYMENT_TARGET = 12.1;
				MTL_ENABLE_DEBUG_INFO = NO;
				MTL_FAST_MATH = YES;
				SDKROOT = iphoneos;
				SWIFT_COMPILATION_MODE = wholemodule;
				SWIFT_OPTIMIZATION_LEVEL = "-O";
				VALIDATE_PRODUCT = YES;
			};
			name = Release;
		};
		035177C9221D571B0052C704 /* Debug */ = {
			isa = XCBuildConfiguration;
			buildSettings = {
				ASSETCATALOG_COMPILER_APPICON_NAME = AppIcon;
				CODE_SIGN_STYLE = Automatic;
				INFOPLIST_FILE = YouTube/Info.plist;
				LD_RUNPATH_SEARCH_PATHS = (
					"$(inherited)",
					"@executable_path/Frameworks",
				);
				PRODUCT_BUNDLE_IDENTIFIER = terradevteam.YouTube;
				PRODUCT_NAME = "$(TARGET_NAME)";
				SWIFT_VERSION = 4.2;
				TARGETED_DEVICE_FAMILY = "1,2";
			};
			name = Debug;
		};
		035177CA221D571B0052C704 /* Release */ = {
			isa = XCBuildConfiguration;
			buildSettings = {
				ASSETCATALOG_COMPILER_APPICON_NAME = AppIcon;
				CODE_SIGN_STYLE = Automatic;
				INFOPLIST_FILE = YouTube/Info.plist;
				LD_RUNPATH_SEARCH_PATHS = (
					"$(inherited)",
					"@executable_path/Frameworks",
				);
				PRODUCT_BUNDLE_IDENTIFIER = terradevteam.YouTube;
				PRODUCT_NAME = "$(TARGET_NAME)";
				SWIFT_VERSION = 4.2;
				TARGETED_DEVICE_FAMILY = "1,2";
			};
			name = Release;
		};
/* End XCBuildConfiguration section */

/* Begin XCConfigurationList section */
		035177B1221D571A0052C704 /* Build configuration list for PBXProject "YouTube" */ = {
			isa = XCConfigurationList;
			buildConfigurations = (
				035177C6221D571B0052C704 /* Debug */,
				035177C7221D571B0052C704 /* Release */,
			);
			defaultConfigurationIsVisible = 0;
			defaultConfigurationName = Release;
		};
		035177C8221D571B0052C704 /* Build configuration list for PBXNativeTarget "YouTube" */ = {
			isa = XCConfigurationList;
			buildConfigurations = (
				035177C9221D571B0052C704 /* Debug */,
				035177CA221D571B0052C704 /* Release */,
			);
			defaultConfigurationIsVisible = 0;
			defaultConfigurationName = Release;
		};
/* End XCConfigurationList section */
	};
	rootObject = 035177AE221D571A0052C704 /* Project object */;
}
